
Microsoft Visual Studio Solution File, Format Version 12.00
# Visual Studio Version 17
VisualStudioVersion = 17.5.002.0
MinimumVisualStudioVersion = 10.0.40219.1
Project("{9A19103F-16F7-4668-BE54-9A1E7A4F7556}") = "mis-221-pa6-swilesMIS", "mis-221-pa6-swilesMIS.csproj", "{6E0816A4-FDB7-41A9-BFB0-263321036783}"
EndProject
Global
	GlobalSection(SolutionConfigurationPlatforms) = preSolution
		Debug|Any CPU = Debug|Any CPU
		Release|Any CPU = Release|Any CPU
	EndGlobalSection
	GlobalSection(ProjectConfigurationPlatforms) = postSolution
		{6E0816A4-FDB7-41A9-BFB0-263321036783}.Debug|Any CPU.ActiveCfg = Debug|Any CPU
		{6E0816A4-FDB7-41A9-BFB0-263321036783}.Debug|Any CPU.Build.0 = Debug|Any CPU
		{6E0816A4-FDB7-41A9-BFB0-263321036783}.Release|Any CPU.ActiveCfg = Release|Any CPU
		{6E0816A4-FDB7-41A9-BFB0-263321036783}.Release|Any CPU.Build.0 = Release|Any CPU
	EndGlobalSection
	GlobalSection(SolutionProperties) = preSolution
		HideSolutionNode = FALSE
	EndGlobalSection
	GlobalSection(ExtensibilityGlobals) = postSolution
		SolutionGuid = {F5CF4FE0-190E-4BA1-9EA5-23517FC28C01}
	EndGlobalSection
EndGlobal
